
Microsoft Visual Studio Solution File, Format Version 12.00
# Visual Studio Version 16
VisualStudioVersion = 16.0.30225.117
MinimumVisualStudioVersion = 10.0.40219.1
Project("{FAE04EC0-301F-11D3-BF4B-00C04F79EFBC}") = "Barzo Zilean", "Barzo Zilean\Barzo Zilean.csproj", "{58206EE3-BB26-42BB-BB47-8C6772149DF5}"
EndProject
Global
	GlobalSection(SolutionConfigurationPlatforms) = preSolution
		Debug|Any CPU = Debug|Any CPU
		Release|Any CPU = Release|Any CPU
	EndGlobalSection
	GlobalSection(ProjectConfigurationPlatforms) = postSolution
		{58206EE3-BB26-42BB-BB47-8C6772149DF5}.Debug|Any CPU.ActiveCfg = Debug|Any CPU
		{58206EE3-BB26-42BB-BB47-8C6772149DF5}.Debug|Any CPU.Build.0 = Debug|Any CPU
		{58206EE3-BB26-42BB-BB47-8C6772149DF5}.Release|Any CPU.ActiveCfg = Release|Any CPU
		{58206EE3-BB26-42BB-BB47-8C6772149DF5}.Release|Any CPU.Build.0 = Release|Any CPU
	EndGlobalSection
	GlobalSection(SolutionProperties) = preSolution
		HideSolutionNode = FALSE
	EndGlobalSection
	GlobalSection(ExtensibilityGlobals) = postSolution
		SolutionGuid = {D062FC44-F7E8-429B-9792-CB30EAD793D1}
	EndGlobalSection
EndGlobal
