
Microsoft Visual Studio Solution File, Format Version 12.00
# Visual Studio Version 16
VisualStudioVersion = 16.0.30225.117
MinimumVisualStudioVersion = 10.0.40219.1
Project("{FAE04EC0-301F-11D3-BF4B-00C04F79EFBC}") = "banxftScripts", "banxftScripts.csproj", "{4853A574-3164-49AF-A5C0-DFAE1C5227D3}"
EndProject
Global
	GlobalSection(SolutionConfigurationPlatforms) = preSolution
		Debug|Any CPU = Debug|Any CPU
		Release|Any CPU = Release|Any CPU
	EndGlobalSection
	GlobalSection(ProjectConfigurationPlatforms) = postSolution
		{4853A574-3164-49AF-A5C0-DFAE1C5227D3}.Debug|Any CPU.ActiveCfg = Debug|Any CPU
		{4853A574-3164-49AF-A5C0-DFAE1C5227D3}.Debug|Any CPU.Build.0 = Debug|Any CPU
		{4853A574-3164-49AF-A5C0-DFAE1C5227D3}.Release|Any CPU.ActiveCfg = Release|Any CPU
		{4853A574-3164-49AF-A5C0-DFAE1C5227D3}.Release|Any CPU.Build.0 = Release|Any CPU
	EndGlobalSection
	GlobalSection(SolutionProperties) = preSolution
		HideSolutionNode = FALSE
	EndGlobalSection
	GlobalSection(ExtensibilityGlobals) = postSolution
		SolutionGuid = {022113A2-F2C9-4596-BD2B-B68835D27385}
	EndGlobalSection
EndGlobal
